// !$*UTF8*$!
{
	archiveVersion = 1;
	classes = {
	};
	objectVersion = 55;
	objects = {

/* Begin PBXBuildFile section */
		44C6144E2ABA33EF00162DA9 /* AppDelegate.swift in Sources */ = {isa = PBXBuildFile; fileRef = 44C6144D2ABA33EF00162DA9 /* AppDelegate.swift */; };
		44C614502ABA33EF00162DA9 /* SceneDelegate.swift in Sources */ = {isa = PBXBuildFile; fileRef = 44C6144F2ABA33EF00162DA9 /* SceneDelegate.swift */; };
		44C614522ABA33EF00162DA9 /* ViewController.swift in Sources */ = {isa = PBXBuildFile; fileRef = 44C614512ABA33EF00162DA9 /* ViewController.swift */; };
		44C614552ABA33EF00162DA9 /* Main.storyboard in Resources */ = {isa = PBXBuildFile; fileRef = 44C614532ABA33EF00162DA9 /* Main.storyboard */; };
		44C614572ABA33F300162DA9 /* Assets.xcassets in Resources */ = {isa = PBXBuildFile; fileRef = 44C614562ABA33F300162DA9 /* Assets.xcassets */; };
		44C6145A2ABA33F300162DA9 /* LaunchScreen.storyboard in Resources */ = {isa = PBXBuildFile; fileRef = 44C614582ABA33F300162DA9 /* LaunchScreen.storyboard */; };
		44C614632ABA35F700162DA9 /* ForgotPasswordViewController.swift in Sources */ = {isa = PBXBuildFile; fileRef = 44C614622ABA35F700162DA9 /* ForgotPasswordViewController.swift */; };
		44C614652ABA360300162DA9 /* LoginViewController.swift in Sources */ = {isa = PBXBuildFile; fileRef = 44C614642ABA360300162DA9 /* LoginViewController.swift */; };
		44C614672ABA361700162DA9 /* RegisterViewController.swift in Sources */ = {isa = PBXBuildFile; fileRef = 44C614662ABA361700162DA9 /* RegisterViewController.swift */; };
		44C6146A2ABE102C00162DA9 /* AuthHeaderView.swift in Sources */ = {isa = PBXBuildFile; fileRef = 44C614692ABE102C00162DA9 /* AuthHeaderView.swift */; };
		44C6146C2ABE2D9A00162DA9 /* CustomTextField.swift in Sources */ = {isa = PBXBuildFile; fileRef = 44C6146B2ABE2D9A00162DA9 /* CustomTextField.swift */; };
		44C6146E2ABF471300162DA9 /* CustomButton.swift in Sources */ = {isa = PBXBuildFile; fileRef = 44C6146D2ABF471300162DA9 /* CustomButton.swift */; };
		44C614702ABF5FD700162DA9 /* WebViewController.swift in Sources */ = {isa = PBXBuildFile; fileRef = 44C6146F2ABF5FD700162DA9 /* WebViewController.swift */; };
		44C614732AC0C25100162DA9 /* AlertManager.swift in Sources */ = {isa = PBXBuildFile; fileRef = 44C614722AC0C25100162DA9 /* AlertManager.swift */; };
		44C614752AC0CD1F00162DA9 /* GoogleService-Info.plist in Resources */ = {isa = PBXBuildFile; fileRef = 44C614742AC0CD1F00162DA9 /* GoogleService-Info.plist */; };
		44C614792AC0D26400162DA9 /* AuthService.swift in Sources */ = {isa = PBXBuildFile; fileRef = 44C614782AC0D26400162DA9 /* AuthService.swift */; };
		44C6147C2AC20F0500162DA9 /* RegisterUserRequest.swift in Sources */ = {isa = PBXBuildFile; fileRef = 44C6147B2AC20F0500162DA9 /* RegisterUserRequest.swift */; };
		44C6147E2AC21A2F00162DA9 /* LoginUserRequest.swift in Sources */ = {isa = PBXBuildFile; fileRef = 44C6147D2AC21A2F00162DA9 /* LoginUserRequest.swift */; };
		44C614802AC34A9300162DA9 /* Validator.swift in Sources */ = {isa = PBXBuildFile; fileRef = 44C6147F2AC34A9300162DA9 /* Validator.swift */; };
		44C614892AC7563000162DA9 /* User.swift in Sources */ = {isa = PBXBuildFile; fileRef = 44C614882AC7562F00162DA9 /* User.swift */; };
		EF6BF34AA8BE74B704E6218A /* Pods_firebaseAuth.framework in Frameworks */ = {isa = PBXBuildFile; fileRef = 54AF3703980EA51FB5A8703F /* Pods_firebaseAuth.framework */; };
/* End PBXBuildFile section */

/* Begin PBXFileReference section */
		44C6144A2ABA33EF00162DA9 /* firebaseAuth.app */ = {isa = PBXFileReference; explicitFileType = wrapper.application; includeInIndex = 0; path = firebaseAuth.app; sourceTree = BUILT_PRODUCTS_DIR; };
		44C6144D2ABA33EF00162DA9 /* AppDelegate.swift */ = {isa = PBXFileReference; lastKnownFileType = sourcecode.swift; path = AppDelegate.swift; sourceTree = "<group>"; };
		44C6144F2ABA33EF00162DA9 /* SceneDelegate.swift */ = {isa = PBXFileReference; lastKnownFileType = sourcecode.swift; path = SceneDelegate.swift; sourceTree = "<group>"; };
		44C614512ABA33EF00162DA9 /* ViewController.swift */ = {isa = PBXFileReference; lastKnownFileType = sourcecode.swift; path = ViewController.swift; sourceTree = "<group>"; };
		44C614542ABA33EF00162DA9 /* Base */ = {isa = PBXFileReference; lastKnownFileType = file.storyboard; name = Base; path = Base.lproj/Main.storyboard; sourceTree = "<group>"; };
		44C614562ABA33F300162DA9 /* Assets.xcassets */ = {isa = PBXFileReference; lastKnownFileType = folder.assetcatalog; path = Assets.xcassets; sourceTree = "<group>"; };
		44C614592ABA33F300162DA9 /* Base */ = {isa = PBXFileReference; lastKnownFileType = file.storyboard; name = Base; path = Base.lproj/LaunchScreen.storyboard; sourceTree = "<group>"; };
		44C6145B2ABA33F300162DA9 /* Info.plist */ = {isa = PBXFileReference; lastKnownFileType = text.plist.xml; path = Info.plist; sourceTree = "<group>"; };
		44C614622ABA35F700162DA9 /* ForgotPasswordViewController.swift */ = {isa = PBXFileReference; lastKnownFileType = sourcecode.swift; path = ForgotPasswordViewController.swift; sourceTree = "<group>"; };
		44C614642ABA360300162DA9 /* LoginViewController.swift */ = {isa = PBXFileReference; lastKnownFileType = sourcecode.swift; path = LoginViewController.swift; sourceTree = "<group>"; };
		44C614662ABA361700162DA9 /* RegisterViewController.swift */ = {isa = PBXFileReference; lastKnownFileType = sourcecode.swift; path = RegisterViewController.swift; sourceTree = "<group>"; };
		44C614692ABE102C00162DA9 /* AuthHeaderView.swift */ = {isa = PBXFileReference; lastKnownFileType = sourcecode.swift; path = AuthHeaderView.swift; sourceTree = "<group>"; };
		44C6146B2ABE2D9A00162DA9 /* CustomTextField.swift */ = {isa = PBXFileReference; lastKnownFileType = sourcecode.swift; path = CustomTextField.swift; sourceTree = "<group>"; };
		44C6146D2ABF471300162DA9 /* CustomButton.swift */ = {isa = PBXFileReference; lastKnownFileType = sourcecode.swift; path = CustomButton.swift; sourceTree = "<group>"; };
		44C6146F2ABF5FD700162DA9 /* WebViewController.swift */ = {isa = PBXFileReference; lastKnownFileType = sourcecode.swift; path = WebViewController.swift; sourceTree = "<group>"; };
		44C614722AC0C25100162DA9 /* AlertManager.swift */ = {isa = PBXFileReference; lastKnownFileType = sourcecode.swift; path = AlertManager.swift; sourceTree = "<group>"; };
		44C614742AC0CD1F00162DA9 /* GoogleService-Info.plist */ = {isa = PBXFileReference; fileEncoding = 4; lastKnownFileType = text.plist.xml; path = "GoogleService-Info.plist"; sourceTree = "<group>"; };
		44C614782AC0D26400162DA9 /* AuthService.swift */ = {isa = PBXFileReference; lastKnownFileType = sourcecode.swift; path = AuthService.swift; sourceTree = "<group>"; };
		44C6147B2AC20F0500162DA9 /* RegisterUserRequest.swift */ = {isa = PBXFileReference; lastKnownFileType = sourcecode.swift; path = RegisterUserRequest.swift; sourceTree = "<group>"; };
		44C6147D2AC21A2F00162DA9 /* LoginUserRequest.swift */ = {isa = PBXFileReference; lastKnownFileType = sourcecode.swift; path = LoginUserRequest.swift; sourceTree = "<group>"; };
		44C6147F2AC34A9300162DA9 /* Validator.swift */ = {isa = PBXFileReference; lastKnownFileType = sourcecode.swift; path = Validator.swift; sourceTree = "<group>"; };
		44C614882AC7562F00162DA9 /* User.swift */ = {isa = PBXFileReference; lastKnownFileType = sourcecode.swift; path = User.swift; sourceTree = "<group>"; };
		4BBECEA7A87D379EAC69C3E6 /* Pods-firebaseAuth.release.xcconfig */ = {isa = PBXFileReference; includeInIndex = 1; lastKnownFileType = text.xcconfig; name = "Pods-firebaseAuth.release.xcconfig"; path = "Target Support Files/Pods-firebaseAuth/Pods-firebaseAuth.release.xcconfig"; sourceTree = "<group>"; };
		54AF3703980EA51FB5A8703F /* Pods_firebaseAuth.framework */ = {isa = PBXFileReference; explicitFileType = wrapper.framework; includeInIndex = 0; path = Pods_firebaseAuth.framework; sourceTree = BUILT_PRODUCTS_DIR; };
		FBE0BE6F018E1CFEB71C64CD /* Pods-firebaseAuth.debug.xcconfig */ = {isa = PBXFileReference; includeInIndex = 1; lastKnownFileType = text.xcconfig; name = "Pods-firebaseAuth.debug.xcconfig"; path = "Target Support Files/Pods-firebaseAuth/Pods-firebaseAuth.debug.xcconfig"; sourceTree = "<group>"; };
/* End PBXFileReference section */

/* Begin PBXFrameworksBuildPhase section */
		44C614472ABA33EF00162DA9 /* Frameworks */ = {
			isa = PBXFrameworksBuildPhase;
			buildActionMask = 2147483647;
			files = (
				EF6BF34AA8BE74B704E6218A /* Pods_firebaseAuth.framework in Frameworks */,
			);
			runOnlyForDeploymentPostprocessing = 0;
		};
/* End PBXFrameworksBuildPhase section */

/* Begin PBXGroup section */
		21839855F6A4950DEFED6BD3 /* Pods */ = {
			isa = PBXGroup;
			children = (
				FBE0BE6F018E1CFEB71C64CD /* Pods-firebaseAuth.debug.xcconfig */,
				4BBECEA7A87D379EAC69C3E6 /* Pods-firebaseAuth.release.xcconfig */,
			);
			path = Pods;
			sourceTree = "<group>";
		};
		44C614412ABA33EE00162DA9 = {
			isa = PBXGroup;
			children = (
				44C6144C2ABA33EF00162DA9 /* firebaseAuth */,
				44C6144B2ABA33EF00162DA9 /* Products */,
				21839855F6A4950DEFED6BD3 /* Pods */,
				583ED6AC3313E79C1FA1D0DE /* Frameworks */,
			);
			sourceTree = "<group>";
		};
		44C6144B2ABA33EF00162DA9 /* Products */ = {
			isa = PBXGroup;
			children = (
				44C6144A2ABA33EF00162DA9 /* firebaseAuth.app */,
			);
			name = Products;
			sourceTree = "<group>";
		};
		44C6144C2ABA33EF00162DA9 /* firebaseAuth */ = {
			isa = PBXGroup;
			children = (
				44C6147A2AC20EED00162DA9 /* Models */,
				44C614712AC0C22600162DA9 /* Controllers */,
				44C614682ABA36FA00162DA9 /* Views */,
				44C614612ABA357300162DA9 /* Supporting */,
				44C6145B2ABA33F300162DA9 /* Info.plist */,
				44C614742AC0CD1F00162DA9 /* GoogleService-Info.plist */,
				44C6146F2ABF5FD700162DA9 /* WebViewController.swift */,
				44C614782AC0D26400162DA9 /* AuthService.swift */,
				44C614882AC7562F00162DA9 /* User.swift */,
				44C614722AC0C25100162DA9 /* AlertManager.swift */,
				44C6147F2AC34A9300162DA9 /* Validator.swift */,
			);
			path = firebaseAuth;
			sourceTree = "<group>";
		};
		44C614612ABA357300162DA9 /* Supporting */ = {
			isa = PBXGroup;
			children = (
				44C6144D2ABA33EF00162DA9 /* AppDelegate.swift */,
				44C6144F2ABA33EF00162DA9 /* SceneDelegate.swift */,
				44C614532ABA33EF00162DA9 /* Main.storyboard */,
				44C614562ABA33F300162DA9 /* Assets.xcassets */,
				44C614582ABA33F300162DA9 /* LaunchScreen.storyboard */,
			);
			path = Supporting;
			sourceTree = "<group>";
		};
		44C614682ABA36FA00162DA9 /* Views */ = {
			isa = PBXGroup;
			children = (
				44C614692ABE102C00162DA9 /* AuthHeaderView.swift */,
				44C6146B2ABE2D9A00162DA9 /* CustomTextField.swift */,
				44C6146D2ABF471300162DA9 /* CustomButton.swift */,
			);
			path = Views;
			sourceTree = "<group>";
		};
		44C614712AC0C22600162DA9 /* Controllers */ = {
			isa = PBXGroup;
			children = (
				44C614512ABA33EF00162DA9 /* ViewController.swift */,
				44C614642ABA360300162DA9 /* LoginViewController.swift */,
				44C614662ABA361700162DA9 /* RegisterViewController.swift */,
				44C614622ABA35F700162DA9 /* ForgotPasswordViewController.swift */,
			);
			path = Controllers;
			sourceTree = "<group>";
		};
		44C6147A2AC20EED00162DA9 /* Models */ = {
			isa = PBXGroup;
			children = (
				44C6147B2AC20F0500162DA9 /* RegisterUserRequest.swift */,
				44C6147D2AC21A2F00162DA9 /* LoginUserRequest.swift */,
			);
			path = Models;
			sourceTree = "<group>";
		};
		583ED6AC3313E79C1FA1D0DE /* Frameworks */ = {
			isa = PBXGroup;
			children = (
				54AF3703980EA51FB5A8703F /* Pods_firebaseAuth.framework */,
			);
			name = Frameworks;
			sourceTree = "<group>";
		};
/* End PBXGroup section */

/* Begin PBXNativeTarget section */
		44C614492ABA33EF00162DA9 /* firebaseAuth */ = {
			isa = PBXNativeTarget;
			buildConfigurationList = 44C6145E2ABA33F300162DA9 /* Build configuration list for PBXNativeTarget "firebaseAuth" */;
			buildPhases = (
				9A9DB47379E4A8D22E80513C /* [CP] Check Pods Manifest.lock */,
				44C614462ABA33EF00162DA9 /* Sources */,
				44C614472ABA33EF00162DA9 /* Frameworks */,
				44C614482ABA33EF00162DA9 /* Resources */,
				AACBDC593ABD35A61C4C32E0 /* [CP] Embed Pods Frameworks */,
			);
			buildRules = (
			);
			dependencies = (
			);
			name = firebaseAuth;
			productName = firebaseAuth;
			productReference = 44C6144A2ABA33EF00162DA9 /* firebaseAuth.app */;
			productType = "com.apple.product-type.application";
		};
/* End PBXNativeTarget section */

/* Begin PBXProject section */
		44C614422ABA33EE00162DA9 /* Project object */ = {
			isa = PBXProject;
			attributes = {
				BuildIndependentTargetsInParallel = 1;
				LastSwiftUpdateCheck = 1300;
				LastUpgradeCheck = 1300;
				TargetAttributes = {
					44C614492ABA33EF00162DA9 = {
						CreatedOnToolsVersion = 13.0;
					};
				};
			};
			buildConfigurationList = 44C614452ABA33EE00162DA9 /* Build configuration list for PBXProject "firebaseAuth" */;
			compatibilityVersion = "Xcode 13.0";
			developmentRegion = en;
			hasScannedForEncodings = 0;
			knownRegions = (
				en,
				Base,
			);
			mainGroup = 44C614412ABA33EE00162DA9;
			productRefGroup = 44C6144B2ABA33EF00162DA9 /* Products */;
			projectDirPath = "";
			projectRoot = "";
			targets = (
				44C614492ABA33EF00162DA9 /* firebaseAuth */,
			);
		};
/* End PBXProject section */

/* Begin PBXResourcesBuildPhase section */
		44C614482ABA33EF00162DA9 /* Resources */ = {
			isa = PBXResourcesBuildPhase;
			buildActionMask = 2147483647;
			files = (
				44C6145A2ABA33F300162DA9 /* LaunchScreen.storyboard in Resources */,
				44C614752AC0CD1F00162DA9 /* GoogleService-Info.plist in Resources */,
				44C614572ABA33F300162DA9 /* Assets.xcassets in Resources */,
				44C614552ABA33EF00162DA9 /* Main.storyboard in Resources */,
			);
			runOnlyForDeploymentPostprocessing = 0;
		};
/* End PBXResourcesBuildPhase section */

/* Begin PBXShellScriptBuildPhase section */
		9A9DB47379E4A8D22E80513C /* [CP] Check Pods Manifest.lock */ = {
			isa = PBXShellScriptBuildPhase;
			buildActionMask = 2147483647;
			files = (
			);
			inputFileListPaths = (
			);
			inputPaths = (
				"${PODS_PODFILE_DIR_PATH}/Podfile.lock",
				"${PODS_ROOT}/Manifest.lock",
			);
			name = "[CP] Check Pods Manifest.lock";
			outputFileListPaths = (
			);
			outputPaths = (
				"$(DERIVED_FILE_DIR)/Pods-firebaseAuth-checkManifestLockResult.txt",
			);
			runOnlyForDeploymentPostprocessing = 0;
			shellPath = /bin/sh;
			shellScript = "diff \"${PODS_PODFILE_DIR_PATH}/Podfile.lock\" \"${PODS_ROOT}/Manifest.lock\" > /dev/null\nif [ $? != 0 ] ; then\n    # print error to STDERR\n    echo \"error: The sandbox is not in sync with the Podfile.lock. Run 'pod install' or update your CocoaPods installation.\" >&2\n    exit 1\nfi\n# This output is used by Xcode 'outputs' to avoid re-running this script phase.\necho \"SUCCESS\" > \"${SCRIPT_OUTPUT_FILE_0}\"\n";
			showEnvVarsInLog = 0;
		};
		AACBDC593ABD35A61C4C32E0 /* [CP] Embed Pods Frameworks */ = {
			isa = PBXShellScriptBuildPhase;
			buildActionMask = 2147483647;
			files = (
			);
			inputFileListPaths = (
				"${PODS_ROOT}/Target Support Files/Pods-firebaseAuth/Pods-firebaseAuth-frameworks-${CONFIGURATION}-input-files.xcfilelist",
			);
			name = "[CP] Embed Pods Frameworks";
			outputFileListPaths = (
				"${PODS_ROOT}/Target Support Files/Pods-firebaseAuth/Pods-firebaseAuth-frameworks-${CONFIGURATION}-output-files.xcfilelist",
			);
			runOnlyForDeploymentPostprocessing = 0;
			shellPath = /bin/sh;
			shellScript = "\"${PODS_ROOT}/Target Support Files/Pods-firebaseAuth/Pods-firebaseAuth-frameworks.sh\"\n";
			showEnvVarsInLog = 0;
		};
/* End PBXShellScriptBuildPhase section */

/* Begin PBXSourcesBuildPhase section */
		44C614462ABA33EF00162DA9 /* Sources */ = {
			isa = PBXSourcesBuildPhase;
			buildActionMask = 2147483647;
			files = (
				44C614632ABA35F700162DA9 /* ForgotPasswordViewController.swift in Sources */,
				44C614732AC0C25100162DA9 /* AlertManager.swift in Sources */,
				44C614522ABA33EF00162DA9 /* ViewController.swift in Sources */,
				44C614792AC0D26400162DA9 /* AuthService.swift in Sources */,
				44C614892AC7563000162DA9 /* User.swift in Sources */,
				44C6147E2AC21A2F00162DA9 /* LoginUserRequest.swift in Sources */,
				44C6146E2ABF471300162DA9 /* CustomButton.swift in Sources */,
				44C614702ABF5FD700162DA9 /* WebViewController.swift in Sources */,
				44C614802AC34A9300162DA9 /* Validator.swift in Sources */,
				44C6144E2ABA33EF00162DA9 /* AppDelegate.swift in Sources */,
				44C614672ABA361700162DA9 /* RegisterViewController.swift in Sources */,
				44C6147C2AC20F0500162DA9 /* RegisterUserRequest.swift in Sources */,
				44C6146C2ABE2D9A00162DA9 /* CustomTextField.swift in Sources */,
				44C614652ABA360300162DA9 /* LoginViewController.swift in Sources */,
				44C614502ABA33EF00162DA9 /* SceneDelegate.swift in Sources */,
				44C6146A2ABE102C00162DA9 /* AuthHeaderView.swift in Sources */,
			);
			runOnlyForDeploymentPostprocessing = 0;
		};
/* End PBXSourcesBuildPhase section */

/* Begin PBXVariantGroup section */
		44C614532ABA33EF00162DA9 /* Main.storyboard */ = {
			isa = PBXVariantGroup;
			children = (
				44C614542ABA33EF00162DA9 /* Base */,
			);
			name = Main.storyboard;
			sourceTree = "<group>";
		};
		44C614582ABA33F300162DA9 /* LaunchScreen.storyboard */ = {
			isa = PBXVariantGroup;
			children = (
				44C614592ABA33F300162DA9 /* Base */,
			);
			name = LaunchScreen.storyboard;
			sourceTree = "<group>";
		};
/* End PBXVariantGroup section */

/* Begin XCBuildConfiguration section */
		44C6145C2ABA33F300162DA9 /* Debug */ = {
			isa = XCBuildConfiguration;
			buildSettings = {
				ALWAYS_SEARCH_USER_PATHS = NO;
				CLANG_ANALYZER_NONNULL = YES;
				CLANG_ANALYZER_NUMBER_OBJECT_CONVERSION = YES_AGGRESSIVE;
				CLANG_CXX_LANGUAGE_STANDARD = "gnu++17";
				CLANG_CXX_LIBRARY = "libc++";
				CLANG_ENABLE_MODULES = YES;
				CLANG_ENABLE_OBJC_ARC = YES;
				CLANG_ENABLE_OBJC_WEAK = YES;
				CLANG_WARN_BLOCK_CAPTURE_AUTORELEASING = YES;
				CLANG_WARN_BOOL_CONVERSION = YES;
				CLANG_WARN_COMMA = YES;
				CLANG_WARN_CONSTANT_CONVERSION = YES;
				CLANG_WARN_DEPRECATED_OBJC_IMPLEMENTATIONS = YES;
				CLANG_WARN_DIRECT_OBJC_ISA_USAGE = YES_ERROR;
				CLANG_WARN_DOCUMENTATION_COMMENTS = YES;
				CLANG_WARN_EMPTY_BODY = YES;
				CLANG_WARN_ENUM_CONVERSION = YES;
				CLANG_WARN_INFINITE_RECURSION = YES;
				CLANG_WARN_INT_CONVERSION = YES;
				CLANG_WARN_NON_LITERAL_NULL_CONVERSION = YES;
				CLANG_WARN_OBJC_IMPLICIT_RETAIN_SELF = YES;
				CLANG_WARN_OBJC_LITERAL_CONVERSION = YES;
				CLANG_WARN_OBJC_ROOT_CLASS = YES_ERROR;
				CLANG_WARN_QUOTED_INCLUDE_IN_FRAMEWORK_HEADER = YES;
				CLANG_WARN_RANGE_LOOP_ANALYSIS = YES;
				CLANG_WARN_STRICT_PROTOTYPES = YES;
				CLANG_WARN_SUSPICIOUS_MOVE = YES;
				CLANG_WARN_UNGUARDED_AVAILABILITY = YES_AGGRESSIVE;
				CLANG_WARN_UNREACHABLE_CODE = YES;
				CLANG_WARN__DUPLICATE_METHOD_MATCH = YES;
				COPY_PHASE_STRIP = NO;
				DEBUG_INFORMATION_FORMAT = dwarf;
				ENABLE_STRICT_OBJC_MSGSEND = YES;
				ENABLE_TESTABILITY = YES;
				GCC_C_LANGUAGE_STANDARD = gnu11;
				GCC_DYNAMIC_NO_PIC = NO;
				GCC_NO_COMMON_BLOCKS = YES;
				GCC_OPTIMIZATION_LEVEL = 0;
				GCC_PREPROCESSOR_DEFINITIONS = (
					"DEBUG=1",
					"$(inherited)",
				);
				GCC_WARN_64_TO_32_BIT_CONVERSION = YES;
				GCC_WARN_ABOUT_RETURN_TYPE = YES_ERROR;
				GCC_WARN_UNDECLARED_SELECTOR = YES;
				GCC_WARN_UNINITIALIZED_AUTOS = YES_AGGRESSIVE;
				GCC_WARN_UNUSED_FUNCTION = YES;
				GCC_WARN_UNUSED_VARIABLE = YES;
				IPHONEOS_DEPLOYMENT_TARGET = 15.0;
				MTL_ENABLE_DEBUG_INFO = INCLUDE_SOURCE;
				MTL_FAST_MATH = YES;
				ONLY_ACTIVE_ARCH = YES;
				SDKROOT = iphoneos;
				SWIFT_ACTIVE_COMPILATION_CONDITIONS = DEBUG;
				SWIFT_OPTIMIZATION_LEVEL = "-Onone";
			};
			name = Debug;
		};
		44C6145D2ABA33F300162DA9 /* Release */ = {
			isa = XCBuildConfiguration;
			buildSettings = {
				ALWAYS_SEARCH_USER_PATHS = NO;
				CLANG_ANALYZER_NONNULL = YES;
				CLANG_ANALYZER_NUMBER_OBJECT_CONVERSION = YES_AGGRESSIVE;
				CLANG_CXX_LANGUAGE_STANDARD = "gnu++17";
				CLANG_CXX_LIBRARY = "libc++";
				CLANG_ENABLE_MODULES = YES;
				CLANG_ENABLE_OBJC_ARC = YES;
				CLANG_ENABLE_OBJC_WEAK = YES;
				CLANG_WARN_BLOCK_CAPTURE_AUTORELEASING = YES;
				CLANG_WARN_BOOL_CONVERSION = YES;
				CLANG_WARN_COMMA = YES;
				CLANG_WARN_CONSTANT_CONVERSION = YES;
				CLANG_WARN_DEPRECATED_OBJC_IMPLEMENTATIONS = YES;
				CLANG_WARN_DIRECT_OBJC_ISA_USAGE = YES_ERROR;
				CLANG_WARN_DOCUMENTATION_COMMENTS = YES;
				CLANG_WARN_EMPTY_BODY = YES;
				CLANG_WARN_ENUM_CONVERSION = YES;
				CLANG_WARN_INFINITE_RECURSION = YES;
				CLANG_WARN_INT_CONVERSION = YES;
				CLANG_WARN_NON_LITERAL_NULL_CONVERSION = YES;
				CLANG_WARN_OBJC_IMPLICIT_RETAIN_SELF = YES;
				CLANG_WARN_OBJC_LITERAL_CONVERSION = YES;
				CLANG_WARN_OBJC_ROOT_CLASS = YES_ERROR;
				CLANG_WARN_QUOTED_INCLUDE_IN_FRAMEWORK_HEADER = YES;
				CLANG_WARN_RANGE_LOOP_ANALYSIS = YES;
				CLANG_WARN_STRICT_PROTOTYPES = YES;
				CLANG_WARN_SUSPICIOUS_MOVE = YES;
				CLANG_WARN_UNGUARDED_AVAILABILITY = YES_AGGRESSIVE;
				CLANG_WARN_UNREACHABLE_CODE = YES;
				CLANG_WARN__DUPLICATE_METHOD_MATCH = YES;
				COPY_PHASE_STRIP = NO;
				DEBUG_INFORMATION_FORMAT = "dwarf-with-dsym";
				ENABLE_NS_ASSERTIONS = NO;
				ENABLE_STRICT_OBJC_MSGSEND = YES;
				GCC_C_LANGUAGE_STANDARD = gnu11;
				GCC_NO_COMMON_BLOCKS = YES;
				GCC_WARN_64_TO_32_BIT_CONVERSION = YES;
				GCC_WARN_ABOUT_RETURN_TYPE = YES_ERROR;
				GCC_WARN_UNDECLARED_SELECTOR = YES;
				GCC_WARN_UNINITIALIZED_AUTOS = YES_AGGRESSIVE;
				GCC_WARN_UNUSED_FUNCTION = YES;
				GCC_WARN_UNUSED_VARIABLE = YES;
				IPHONEOS_DEPLOYMENT_TARGET = 15.0;
				MTL_ENABLE_DEBUG_INFO = NO;
				MTL_FAST_MATH = YES;
				SDKROOT = iphoneos;
				SWIFT_COMPILATION_MODE = wholemodule;
				SWIFT_OPTIMIZATION_LEVEL = "-O";
				VALIDATE_PRODUCT = YES;
			};
			name = Release;
		};
		44C6145F2ABA33F300162DA9 /* Debug */ = {
			isa = XCBuildConfiguration;
			baseConfigurationReference = FBE0BE6F018E1CFEB71C64CD /* Pods-firebaseAuth.debug.xcconfig */;
			buildSettings = {
				ASSETCATALOG_COMPILER_APPICON_NAME = AppIcon;
				ASSETCATALOG_COMPILER_GLOBAL_ACCENT_COLOR_NAME = AccentColor;
				CODE_SIGN_STYLE = Automatic;
				CURRENT_PROJECT_VERSION = 1;
				GENERATE_INFOPLIST_FILE = YES;
				INFOPLIST_FILE = firebaseAuth/Info.plist;
				INFOPLIST_KEY_UIApplicationSupportsIndirectInputEvents = YES;
				INFOPLIST_KEY_UILaunchStoryboardName = LaunchScreen;
				INFOPLIST_KEY_UISupportedInterfaceOrientations_iPad = "UIInterfaceOrientationPortrait UIInterfaceOrientationPortraitUpsideDown UIInterfaceOrientationLandscapeLeft UIInterfaceOrientationLandscapeRight";
				INFOPLIST_KEY_UISupportedInterfaceOrientations_iPhone = "UIInterfaceOrientationPortrait UIInterfaceOrientationLandscapeLeft UIInterfaceOrientationLandscapeRight";
				LD_RUNPATH_SEARCH_PATHS = (
					"$(inherited)",
					"@executable_path/Frameworks",
				);
				MARKETING_VERSION = 1.0;
				PRODUCT_BUNDLE_IDENTIFIER = jaha.firebaseAuth;
				PRODUCT_NAME = "$(TARGET_NAME)";
				SWIFT_EMIT_LOC_STRINGS = YES;
				SWIFT_VERSION = 5.0;
				TARGETED_DEVICE_FAMILY = "1,2";
			};
			name = Debug;
		};
		44C614602ABA33F300162DA9 /* Release */ = {
			isa = XCBuildConfiguration;
			baseConfigurationReference = 4BBECEA7A87D379EAC69C3E6 /* Pods-firebaseAuth.release.xcconfig */;
			buildSettings = {
				ASSETCATALOG_COMPILER_APPICON_NAME = AppIcon;
				ASSETCATALOG_COMPILER_GLOBAL_ACCENT_COLOR_NAME = AccentColor;
				CODE_SIGN_STYLE = Automatic;
				CURRENT_PROJECT_VERSION = 1;
				GENERATE_INFOPLIST_FILE = YES;
				INFOPLIST_FILE = firebaseAuth/Info.plist;
				INFOPLIST_KEY_UIApplicationSupportsIndirectInputEvents = YES;
				INFOPLIST_KEY_UILaunchStoryboardName = LaunchScreen;
				INFOPLIST_KEY_UISupportedInterfaceOrientations_iPad = "UIInterfaceOrientationPortrait UIInterfaceOrientationPortraitUpsideDown UIInterfaceOrientationLandscapeLeft UIInterfaceOrientationLandscapeRight";
				INFOPLIST_KEY_UISupportedInterfaceOrientations_iPhone = "UIInterfaceOrientationPortrait UIInterfaceOrientationLandscapeLeft UIInterfaceOrientationLandscapeRight";
				LD_RUNPATH_SEARCH_PATHS = (
					"$(inherited)",
					"@executable_path/Frameworks",
				);
				MARKETING_VERSION = 1.0;
				PRODUCT_BUNDLE_IDENTIFIER = jaha.firebaseAuth;
				PRODUCT_NAME = "$(TARGET_NAME)";
				SWIFT_EMIT_LOC_STRINGS = YES;
				SWIFT_VERSION = 5.0;
				TARGETED_DEVICE_FAMILY = "1,2";
			};
			name = Release;
		};
/* End XCBuildConfiguration section */

/* Begin XCConfigurationList section */
		44C614452ABA33EE00162DA9 /* Build configuration list for PBXProject "firebaseAuth" */ = {
			isa = XCConfigurationList;
			buildConfigurations = (
				44C6145C2ABA33F300162DA9 /* Debug */,
				44C6145D2ABA33F300162DA9 /* Release */,
			);
			defaultConfigurationIsVisible = 0;
			defaultConfigurationName = Release;
		};
		44C6145E2ABA33F300162DA9 /* Build configuration list for PBXNativeTarget "firebaseAuth" */ = {
			isa = XCConfigurationList;
			buildConfigurations = (
				44C6145F2ABA33F300162DA9 /* Debug */,
				44C614602ABA33F300162DA9 /* Release */,
			);
			defaultConfigurationIsVisible = 0;
			defaultConfigurationName = Release;
		};
/* End XCConfigurationList section */
	};
	rootObject = 44C614422ABA33EE00162DA9 /* Project object */;
}
